
Microsoft Visual Studio Solution File, Format Version 12.00
# Visual Studio Version 17
VisualStudioVersion = 17.0.31919.166
MinimumVisualStudioVersion = 10.0.40219.1
Project("{9A19103F-16F7-4668-BE54-9A1E7A4F7556}") = "AcademyD_ADOEF.ConsoleApp", "AcademyD_ADOEF.ConsoleApp\AcademyD_ADOEF.ConsoleApp.csproj", "{C0AB28D8-56AE-4793-9183-FD84BB765CED}"
EndProject
Project("{9A19103F-16F7-4668-BE54-9A1E7A4F7556}") = "Academy_Week4_Esercitazione1", "Academy_Week4_Esercitazione1\Academy_Week4_Esercitazione1.csproj", "{A1535A3A-05F0-452B-8ACF-243494B50315}"
EndProject
Project("{FAE04EC0-301F-11D3-BF4B-00C04F79EFBC}") = "AcademyD_ADOEF.Disconnected", "AcademyD_ADOEF.Disconnected\AcademyD_ADOEF.Disconnected.csproj", "{D96AD34A-3DEB-41E9-B6A0-0F3F7DDC64A0}"
EndProject
Project("{2150E333-8FDC-42A3-9474-1A3956D46DE8}") = "Esercitazione2", "Esercitazione2", "{52C50A0B-12D4-4A87-B779-269BD406C175}"
EndProject
Project("{FAE04EC0-301F-11D3-BF4B-00C04F79EFBC}") = "Academy.Week4.Ticketing.Core", "Academy.Week4.Ticketing.Core\Academy.Week4.Ticketing.Core.csproj", "{13F056F2-522A-4288-BAEE-991B3FE746DF}"
EndProject
Project("{FAE04EC0-301F-11D3-BF4B-00C04F79EFBC}") = "Academy.Week4.Ticketing.ADO", "Academy.Week4.Ticketing.ADO\Academy.Week4.Ticketing.ADO.csproj", "{AD781B6F-7C13-41DF-A9E7-BF51ABC784F1}"
EndProject
Project("{FAE04EC0-301F-11D3-BF4B-00C04F79EFBC}") = "Academy.Week4.Ticketing.Client", "Academy.Week4.Ticketing.Client\Academy.Week4.Ticketing.Client.csproj", "{DAB52700-C025-4213-845B-FF4245A65967}"
EndProject
Global
	GlobalSection(SolutionConfigurationPlatforms) = preSolution
		Debug|Any CPU = Debug|Any CPU
		Release|Any CPU = Release|Any CPU
	EndGlobalSection
	GlobalSection(ProjectConfigurationPlatforms) = postSolution
		{C0AB28D8-56AE-4793-9183-FD84BB765CED}.Debug|Any CPU.ActiveCfg = Debug|Any CPU
		{C0AB28D8-56AE-4793-9183-FD84BB765CED}.Debug|Any CPU.Build.0 = Debug|Any CPU
		{C0AB28D8-56AE-4793-9183-FD84BB765CED}.Release|Any CPU.ActiveCfg = Release|Any CPU
		{C0AB28D8-56AE-4793-9183-FD84BB765CED}.Release|Any CPU.Build.0 = Release|Any CPU
		{A1535A3A-05F0-452B-8ACF-243494B50315}.Debug|Any CPU.ActiveCfg = Debug|Any CPU
		{A1535A3A-05F0-452B-8ACF-243494B50315}.Debug|Any CPU.Build.0 = Debug|Any CPU
		{A1535A3A-05F0-452B-8ACF-243494B50315}.Release|Any CPU.ActiveCfg = Release|Any CPU
		{A1535A3A-05F0-452B-8ACF-243494B50315}.Release|Any CPU.Build.0 = Release|Any CPU
		{D96AD34A-3DEB-41E9-B6A0-0F3F7DDC64A0}.Debug|Any CPU.ActiveCfg = Debug|Any CPU
		{D96AD34A-3DEB-41E9-B6A0-0F3F7DDC64A0}.Debug|Any CPU.Build.0 = Debug|Any CPU
		{D96AD34A-3DEB-41E9-B6A0-0F3F7DDC64A0}.Release|Any CPU.ActiveCfg = Release|Any CPU
		{D96AD34A-3DEB-41E9-B6A0-0F3F7DDC64A0}.Release|Any CPU.Build.0 = Release|Any CPU
		{13F056F2-522A-4288-BAEE-991B3FE746DF}.Debug|Any CPU.ActiveCfg = Debug|Any CPU
		{13F056F2-522A-4288-BAEE-991B3FE746DF}.Debug|Any CPU.Build.0 = Debug|Any CPU
		{13F056F2-522A-4288-BAEE-991B3FE746DF}.Release|Any CPU.ActiveCfg = Release|Any CPU
		{13F056F2-522A-4288-BAEE-991B3FE746DF}.Release|Any CPU.Build.0 = Release|Any CPU
		{AD781B6F-7C13-41DF-A9E7-BF51ABC784F1}.Debug|Any CPU.ActiveCfg = Debug|Any CPU
		{AD781B6F-7C13-41DF-A9E7-BF51ABC784F1}.Debug|Any CPU.Build.0 = Debug|Any CPU
		{AD781B6F-7C13-41DF-A9E7-BF51ABC784F1}.Release|Any CPU.ActiveCfg = Release|Any CPU
		{AD781B6F-7C13-41DF-A9E7-BF51ABC784F1}.Release|Any CPU.Build.0 = Release|Any CPU
		{DAB52700-C025-4213-845B-FF4245A65967}.Debug|Any CPU.ActiveCfg = Debug|Any CPU
		{DAB52700-C025-4213-845B-FF4245A65967}.Debug|Any CPU.Build.0 = Debug|Any CPU
		{DAB52700-C025-4213-845B-FF4245A65967}.Release|Any CPU.ActiveCfg = Release|Any CPU
		{DAB52700-C025-4213-845B-FF4245A65967}.Release|Any CPU.Build.0 = Release|Any CPU
	EndGlobalSection
	GlobalSection(SolutionProperties) = preSolution
		HideSolutionNode = FALSE
	EndGlobalSection
	GlobalSection(NestedProjects) = preSolution
		{13F056F2-522A-4288-BAEE-991B3FE746DF} = {52C50A0B-12D4-4A87-B779-269BD406C175}
		{AD781B6F-7C13-41DF-A9E7-BF51ABC784F1} = {52C50A0B-12D4-4A87-B779-269BD406C175}
		{DAB52700-C025-4213-845B-FF4245A65967} = {52C50A0B-12D4-4A87-B779-269BD406C175}
	EndGlobalSection
	GlobalSection(ExtensibilityGlobals) = postSolution
		SolutionGuid = {7104C0A7-ECE6-487C-B0F6-EA876AAB5C1B}
	EndGlobalSection
EndGlobal
